
Microsoft Visual Studio Solution File, Format Version 12.00
# Visual Studio 14
VisualStudioVersion = 14.0.25420.1
MinimumVisualStudioVersion = 10.0.40219.1
Project("{FAE04EC0-301F-11D3-BF4B-00C04F79EFBC}") = "Ventas", "Ventas\Ventas.csproj", "{DA39F6AA-FD63-427E-B9B7-4B00805928DA}"
EndProject
Global
	GlobalSection(SolutionConfigurationPlatforms) = preSolution
		Debug|Any CPU = Debug|Any CPU
		Release|Any CPU = Release|Any CPU
	EndGlobalSection
	GlobalSection(ProjectConfigurationPlatforms) = postSolution
		{DA39F6AA-FD63-427E-B9B7-4B00805928DA}.Debug|Any CPU.ActiveCfg = Debug|Any CPU
		{DA39F6AA-FD63-427E-B9B7-4B00805928DA}.Debug|Any CPU.Build.0 = Debug|Any CPU
		{DA39F6AA-FD63-427E-B9B7-4B00805928DA}.Release|Any CPU.ActiveCfg = Release|Any CPU
		{DA39F6AA-FD63-427E-B9B7-4B00805928DA}.Release|Any CPU.Build.0 = Release|Any CPU
	EndGlobalSection
	GlobalSection(SolutionProperties) = preSolution
		HideSolutionNode = FALSE
	EndGlobalSection
EndGlobal
